
Microsoft Visual Studio Solution File, Format Version 12.00
# Visual Studio Version 16
VisualStudioVersion = 16.0.30717.126
MinimumVisualStudioVersion = 10.0.40219.1
Project("{FAE04EC0-301F-11D3-BF4B-00C04F79EFBC}") = "MapleLib", "MapleLib\MapleLib.csproj", "{28AAB36D-942E-4476-A000-0E9DE380F390}"
EndProject
Project("{FAE04EC0-301F-11D3-BF4B-00C04F79EFBC}") = "spine-csharp 2.1.25", "spine-runtimes-2.1.25\spine-csharp\spine-csharp 2.1.25.csproj", "{94144E22-2431-4A8F-AC04-DEC22F7EDD8F}"
EndProject
Project("{FAE04EC0-301F-11D3-BF4B-00C04F79EFBC}") = "Kaede.Lib", "Kaede.Lib\Kaede.Lib.csproj", "{18DF6DAD-9E13-4E75-A577-0E4778AC275F}"
EndProject
Project("{9A19103F-16F7-4668-BE54-9A1E7A4F7556}") = "Kaede.Web", "Kaede.Web\Kaede.Web.csproj", "{7AAAE607-4D9D-4029-BE81-5070FBEA4D5A}"
EndProject
Project("{FAE04EC0-301F-11D3-BF4B-00C04F79EFBC}") = "AnimatedPngCreator", "AnimatedPngCreator\AnimatedPngCreator\AnimatedPngCreator.csproj", "{ECF99103-3155-447B-93B7-CD7F360F45A4}"
EndProject
Project("{FAE04EC0-301F-11D3-BF4B-00C04F79EFBC}") = "Kaede.Console", "Kaede.Console\Kaede.Console.csproj", "{93E7AD02-EC9D-45B9-A8DA-CA13CAF8E339}"
EndProject
Global
	GlobalSection(SolutionConfigurationPlatforms) = preSolution
		Debug|Any CPU = Debug|Any CPU
		Debug|Itanium = Debug|Itanium
		Debug|x64 = Debug|x64
		Debug|x86 = Debug|x86
		Ghpages|Any CPU = Ghpages|Any CPU
		Ghpages|Itanium = Ghpages|Itanium
		Ghpages|x64 = Ghpages|x64
		Ghpages|x86 = Ghpages|x86
		Release|Any CPU = Release|Any CPU
		Release|Itanium = Release|Itanium
		Release|x64 = Release|x64
		Release|x86 = Release|x86
	EndGlobalSection
	GlobalSection(ProjectConfigurationPlatforms) = postSolution
		{28AAB36D-942E-4476-A000-0E9DE380F390}.Debug|Any CPU.ActiveCfg = Debug|Any CPU
		{28AAB36D-942E-4476-A000-0E9DE380F390}.Debug|Any CPU.Build.0 = Debug|Any CPU
		{28AAB36D-942E-4476-A000-0E9DE380F390}.Debug|Itanium.ActiveCfg = Debug|Any CPU
		{28AAB36D-942E-4476-A000-0E9DE380F390}.Debug|Itanium.Build.0 = Debug|Any CPU
		{28AAB36D-942E-4476-A000-0E9DE380F390}.Debug|x64.ActiveCfg = Debug|x64
		{28AAB36D-942E-4476-A000-0E9DE380F390}.Debug|x64.Build.0 = Debug|x64
		{28AAB36D-942E-4476-A000-0E9DE380F390}.Debug|x86.ActiveCfg = Debug|x86
		{28AAB36D-942E-4476-A000-0E9DE380F390}.Debug|x86.Build.0 = Debug|x86
		{28AAB36D-942E-4476-A000-0E9DE380F390}.Ghpages|Any CPU.ActiveCfg = Release|Any CPU
		{28AAB36D-942E-4476-A000-0E9DE380F390}.Ghpages|Any CPU.Build.0 = Release|Any CPU
		{28AAB36D-942E-4476-A000-0E9DE380F390}.Ghpages|Itanium.ActiveCfg = Release|Any CPU
		{28AAB36D-942E-4476-A000-0E9DE380F390}.Ghpages|Itanium.Build.0 = Release|Any CPU
		{28AAB36D-942E-4476-A000-0E9DE380F390}.Ghpages|x64.ActiveCfg = Release|x64
		{28AAB36D-942E-4476-A000-0E9DE380F390}.Ghpages|x64.Build.0 = Release|x64
		{28AAB36D-942E-4476-A000-0E9DE380F390}.Ghpages|x86.ActiveCfg = Release|x86
		{28AAB36D-942E-4476-A000-0E9DE380F390}.Ghpages|x86.Build.0 = Release|x86
		{28AAB36D-942E-4476-A000-0E9DE380F390}.Release|Any CPU.ActiveCfg = Release|Any CPU
		{28AAB36D-942E-4476-A000-0E9DE380F390}.Release|Any CPU.Build.0 = Release|Any CPU
		{28AAB36D-942E-4476-A000-0E9DE380F390}.Release|Itanium.ActiveCfg = Release|Any CPU
		{28AAB36D-942E-4476-A000-0E9DE380F390}.Release|Itanium.Build.0 = Release|Any CPU
		{28AAB36D-942E-4476-A000-0E9DE380F390}.Release|x64.ActiveCfg = Release|x64
		{28AAB36D-942E-4476-A000-0E9DE380F390}.Release|x64.Build.0 = Release|x64
		{28AAB36D-942E-4476-A000-0E9DE380F390}.Release|x86.ActiveCfg = Release|x86
		{28AAB36D-942E-4476-A000-0E9DE380F390}.Release|x86.Build.0 = Release|x86
		{94144E22-2431-4A8F-AC04-DEC22F7EDD8F}.Debug|Any CPU.ActiveCfg = Debug|Any CPU
		{94144E22-2431-4A8F-AC04-DEC22F7EDD8F}.Debug|Any CPU.Build.0 = Debug|Any CPU
		{94144E22-2431-4A8F-AC04-DEC22F7EDD8F}.Debug|Itanium.ActiveCfg = Debug|Any CPU
		{94144E22-2431-4A8F-AC04-DEC22F7EDD8F}.Debug|Itanium.Build.0 = Debug|Any CPU
		{94144E22-2431-4A8F-AC04-DEC22F7EDD8F}.Debug|x64.ActiveCfg = Debug|Any CPU
		{94144E22-2431-4A8F-AC04-DEC22F7EDD8F}.Debug|x64.Build.0 = Debug|Any CPU
		{94144E22-2431-4A8F-AC04-DEC22F7EDD8F}.Debug|x86.ActiveCfg = Debug|Any CPU
		{94144E22-2431-4A8F-AC04-DEC22F7EDD8F}.Debug|x86.Build.0 = Debug|Any CPU
		{94144E22-2431-4A8F-AC04-DEC22F7EDD8F}.Ghpages|Any CPU.ActiveCfg = Release|Any CPU
		{94144E22-2431-4A8F-AC04-DEC22F7EDD8F}.Ghpages|Any CPU.Build.0 = Release|Any CPU
		{94144E22-2431-4A8F-AC04-DEC22F7EDD8F}.Ghpages|Itanium.ActiveCfg = Release|Any CPU
		{94144E22-2431-4A8F-AC04-DEC22F7EDD8F}.Ghpages|Itanium.Build.0 = Release|Any CPU
		{94144E22-2431-4A8F-AC04-DEC22F7EDD8F}.Ghpages|x64.ActiveCfg = Release|Any CPU
		{94144E22-2431-4A8F-AC04-DEC22F7EDD8F}.Ghpages|x64.Build.0 = Release|Any CPU
		{94144E22-2431-4A8F-AC04-DEC22F7EDD8F}.Ghpages|x86.ActiveCfg = Release|Any CPU
		{94144E22-2431-4A8F-AC04-DEC22F7EDD8F}.Ghpages|x86.Build.0 = Release|Any CPU
		{94144E22-2431-4A8F-AC04-DEC22F7EDD8F}.Release|Any CPU.ActiveCfg = Release|Any CPU
		{94144E22-2431-4A8F-AC04-DEC22F7EDD8F}.Release|Any CPU.Build.0 = Release|Any CPU
		{94144E22-2431-4A8F-AC04-DEC22F7EDD8F}.Release|Itanium.ActiveCfg = Release|Any CPU
		{94144E22-2431-4A8F-AC04-DEC22F7EDD8F}.Release|Itanium.Build.0 = Release|Any CPU
		{94144E22-2431-4A8F-AC04-DEC22F7EDD8F}.Release|x64.ActiveCfg = Release|Any CPU
		{94144E22-2431-4A8F-AC04-DEC22F7EDD8F}.Release|x64.Build.0 = Release|Any CPU
		{94144E22-2431-4A8F-AC04-DEC22F7EDD8F}.Release|x86.ActiveCfg = Release|Any CPU
		{94144E22-2431-4A8F-AC04-DEC22F7EDD8F}.Release|x86.Build.0 = Release|Any CPU
		{18DF6DAD-9E13-4E75-A577-0E4778AC275F}.Debug|Any CPU.ActiveCfg = Debug|Any CPU
		{18DF6DAD-9E13-4E75-A577-0E4778AC275F}.Debug|Any CPU.Build.0 = Debug|Any CPU
		{18DF6DAD-9E13-4E75-A577-0E4778AC275F}.Debug|Itanium.ActiveCfg = Debug|Any CPU
		{18DF6DAD-9E13-4E75-A577-0E4778AC275F}.Debug|Itanium.Build.0 = Debug|Any CPU
		{18DF6DAD-9E13-4E75-A577-0E4778AC275F}.Debug|x64.ActiveCfg = Debug|Any CPU
		{18DF6DAD-9E13-4E75-A577-0E4778AC275F}.Debug|x64.Build.0 = Debug|Any CPU
		{18DF6DAD-9E13-4E75-A577-0E4778AC275F}.Debug|x86.ActiveCfg = Debug|Any CPU
		{18DF6DAD-9E13-4E75-A577-0E4778AC275F}.Debug|x86.Build.0 = Debug|Any CPU
		{18DF6DAD-9E13-4E75-A577-0E4778AC275F}.Ghpages|Any CPU.ActiveCfg = Release|Any CPU
		{18DF6DAD-9E13-4E75-A577-0E4778AC275F}.Ghpages|Any CPU.Build.0 = Release|Any CPU
		{18DF6DAD-9E13-4E75-A577-0E4778AC275F}.Ghpages|Itanium.ActiveCfg = Release|Any CPU
		{18DF6DAD-9E13-4E75-A577-0E4778AC275F}.Ghpages|Itanium.Build.0 = Release|Any CPU
		{18DF6DAD-9E13-4E75-A577-0E4778AC275F}.Ghpages|x64.ActiveCfg = Release|Any CPU
		{18DF6DAD-9E13-4E75-A577-0E4778AC275F}.Ghpages|x64.Build.0 = Release|Any CPU
		{18DF6DAD-9E13-4E75-A577-0E4778AC275F}.Ghpages|x86.ActiveCfg = Release|Any CPU
		{18DF6DAD-9E13-4E75-A577-0E4778AC275F}.Ghpages|x86.Build.0 = Release|Any CPU
		{18DF6DAD-9E13-4E75-A577-0E4778AC275F}.Release|Any CPU.ActiveCfg = Release|Any CPU
		{18DF6DAD-9E13-4E75-A577-0E4778AC275F}.Release|Any CPU.Build.0 = Release|Any CPU
		{18DF6DAD-9E13-4E75-A577-0E4778AC275F}.Release|Itanium.ActiveCfg = Release|Any CPU
		{18DF6DAD-9E13-4E75-A577-0E4778AC275F}.Release|Itanium.Build.0 = Release|Any CPU
		{18DF6DAD-9E13-4E75-A577-0E4778AC275F}.Release|x64.ActiveCfg = Release|Any CPU
		{18DF6DAD-9E13-4E75-A577-0E4778AC275F}.Release|x64.Build.0 = Release|Any CPU
		{18DF6DAD-9E13-4E75-A577-0E4778AC275F}.Release|x86.ActiveCfg = Release|Any CPU
		{18DF6DAD-9E13-4E75-A577-0E4778AC275F}.Release|x86.Build.0 = Release|Any CPU
		{7AAAE607-4D9D-4029-BE81-5070FBEA4D5A}.Debug|Any CPU.ActiveCfg = Debug|Any CPU
		{7AAAE607-4D9D-4029-BE81-5070FBEA4D5A}.Debug|Any CPU.Build.0 = Debug|Any CPU
		{7AAAE607-4D9D-4029-BE81-5070FBEA4D5A}.Debug|Itanium.ActiveCfg = Debug|Any CPU
		{7AAAE607-4D9D-4029-BE81-5070FBEA4D5A}.Debug|Itanium.Build.0 = Debug|Any CPU
		{7AAAE607-4D9D-4029-BE81-5070FBEA4D5A}.Debug|x64.ActiveCfg = Debug|Any CPU
		{7AAAE607-4D9D-4029-BE81-5070FBEA4D5A}.Debug|x64.Build.0 = Debug|Any CPU
		{7AAAE607-4D9D-4029-BE81-5070FBEA4D5A}.Debug|x86.ActiveCfg = Debug|Any CPU
		{7AAAE607-4D9D-4029-BE81-5070FBEA4D5A}.Debug|x86.Build.0 = Debug|Any CPU
		{7AAAE607-4D9D-4029-BE81-5070FBEA4D5A}.Ghpages|Any CPU.ActiveCfg = Debug|Any CPU
		{7AAAE607-4D9D-4029-BE81-5070FBEA4D5A}.Ghpages|Any CPU.Build.0 = Debug|Any CPU
		{7AAAE607-4D9D-4029-BE81-5070FBEA4D5A}.Ghpages|Itanium.ActiveCfg = Debug|Any CPU
		{7AAAE607-4D9D-4029-BE81-5070FBEA4D5A}.Ghpages|Itanium.Build.0 = Debug|Any CPU
		{7AAAE607-4D9D-4029-BE81-5070FBEA4D5A}.Ghpages|x64.ActiveCfg = Debug|Any CPU
		{7AAAE607-4D9D-4029-BE81-5070FBEA4D5A}.Ghpages|x64.Build.0 = Debug|Any CPU
		{7AAAE607-4D9D-4029-BE81-5070FBEA4D5A}.Ghpages|x86.ActiveCfg = Debug|Any CPU
		{7AAAE607-4D9D-4029-BE81-5070FBEA4D5A}.Ghpages|x86.Build.0 = Debug|Any CPU
		{7AAAE607-4D9D-4029-BE81-5070FBEA4D5A}.Release|Any CPU.ActiveCfg = Release|Any CPU
		{7AAAE607-4D9D-4029-BE81-5070FBEA4D5A}.Release|Any CPU.Build.0 = Release|Any CPU
		{7AAAE607-4D9D-4029-BE81-5070FBEA4D5A}.Release|Itanium.ActiveCfg = Release|Any CPU
		{7AAAE607-4D9D-4029-BE81-5070FBEA4D5A}.Release|Itanium.Build.0 = Release|Any CPU
		{7AAAE607-4D9D-4029-BE81-5070FBEA4D5A}.Release|x64.ActiveCfg = Release|Any CPU
		{7AAAE607-4D9D-4029-BE81-5070FBEA4D5A}.Release|x64.Build.0 = Release|Any CPU
		{7AAAE607-4D9D-4029-BE81-5070FBEA4D5A}.Release|x86.ActiveCfg = Release|Any CPU
		{7AAAE607-4D9D-4029-BE81-5070FBEA4D5A}.Release|x86.Build.0 = Release|Any CPU
		{ECF99103-3155-447B-93B7-CD7F360F45A4}.Debug|Any CPU.ActiveCfg = Debug|Any CPU
		{ECF99103-3155-447B-93B7-CD7F360F45A4}.Debug|Any CPU.Build.0 = Debug|Any CPU
		{ECF99103-3155-447B-93B7-CD7F360F45A4}.Debug|Itanium.ActiveCfg = Debug|Any CPU
		{ECF99103-3155-447B-93B7-CD7F360F45A4}.Debug|Itanium.Build.0 = Debug|Any CPU
		{ECF99103-3155-447B-93B7-CD7F360F45A4}.Debug|x64.ActiveCfg = Debug|Any CPU
		{ECF99103-3155-447B-93B7-CD7F360F45A4}.Debug|x64.Build.0 = Debug|Any CPU
		{ECF99103-3155-447B-93B7-CD7F360F45A4}.Debug|x86.ActiveCfg = Debug|Any CPU
		{ECF99103-3155-447B-93B7-CD7F360F45A4}.Debug|x86.Build.0 = Debug|Any CPU
		{ECF99103-3155-447B-93B7-CD7F360F45A4}.Ghpages|Any CPU.ActiveCfg = Debug|Any CPU
		{ECF99103-3155-447B-93B7-CD7F360F45A4}.Ghpages|Any CPU.Build.0 = Debug|Any CPU
		{ECF99103-3155-447B-93B7-CD7F360F45A4}.Ghpages|Itanium.ActiveCfg = Debug|Any CPU
		{ECF99103-3155-447B-93B7-CD7F360F45A4}.Ghpages|Itanium.Build.0 = Debug|Any CPU
		{ECF99103-3155-447B-93B7-CD7F360F45A4}.Ghpages|x64.ActiveCfg = Debug|Any CPU
		{ECF99103-3155-447B-93B7-CD7F360F45A4}.Ghpages|x64.Build.0 = Debug|Any CPU
		{ECF99103-3155-447B-93B7-CD7F360F45A4}.Ghpages|x86.ActiveCfg = Debug|Any CPU
		{ECF99103-3155-447B-93B7-CD7F360F45A4}.Ghpages|x86.Build.0 = Debug|Any CPU
		{ECF99103-3155-447B-93B7-CD7F360F45A4}.Release|Any CPU.ActiveCfg = Release|Any CPU
		{ECF99103-3155-447B-93B7-CD7F360F45A4}.Release|Any CPU.Build.0 = Release|Any CPU
		{ECF99103-3155-447B-93B7-CD7F360F45A4}.Release|Itanium.ActiveCfg = Release|Any CPU
		{ECF99103-3155-447B-93B7-CD7F360F45A4}.Release|Itanium.Build.0 = Release|Any CPU
		{ECF99103-3155-447B-93B7-CD7F360F45A4}.Release|x64.ActiveCfg = Release|Any CPU
		{ECF99103-3155-447B-93B7-CD7F360F45A4}.Release|x64.Build.0 = Release|Any CPU
		{ECF99103-3155-447B-93B7-CD7F360F45A4}.Release|x86.ActiveCfg = Release|Any CPU
		{ECF99103-3155-447B-93B7-CD7F360F45A4}.Release|x86.Build.0 = Release|Any CPU
		{93E7AD02-EC9D-45B9-A8DA-CA13CAF8E339}.Debug|Any CPU.ActiveCfg = Debug|Any CPU
		{93E7AD02-EC9D-45B9-A8DA-CA13CAF8E339}.Debug|Any CPU.Build.0 = Debug|Any CPU
		{93E7AD02-EC9D-45B9-A8DA-CA13CAF8E339}.Debug|Itanium.ActiveCfg = Debug|Any CPU
		{93E7AD02-EC9D-45B9-A8DA-CA13CAF8E339}.Debug|Itanium.Build.0 = Debug|Any CPU
		{93E7AD02-EC9D-45B9-A8DA-CA13CAF8E339}.Debug|x64.ActiveCfg = Debug|Any CPU
		{93E7AD02-EC9D-45B9-A8DA-CA13CAF8E339}.Debug|x64.Build.0 = Debug|Any CPU
		{93E7AD02-EC9D-45B9-A8DA-CA13CAF8E339}.Debug|x86.ActiveCfg = Debug|Any CPU
		{93E7AD02-EC9D-45B9-A8DA-CA13CAF8E339}.Debug|x86.Build.0 = Debug|Any CPU
		{93E7AD02-EC9D-45B9-A8DA-CA13CAF8E339}.Ghpages|Any CPU.ActiveCfg = Debug|Any CPU
		{93E7AD02-EC9D-45B9-A8DA-CA13CAF8E339}.Ghpages|Any CPU.Build.0 = Debug|Any CPU
		{93E7AD02-EC9D-45B9-A8DA-CA13CAF8E339}.Ghpages|Itanium.ActiveCfg = Debug|Any CPU
		{93E7AD02-EC9D-45B9-A8DA-CA13CAF8E339}.Ghpages|Itanium.Build.0 = Debug|Any CPU
		{93E7AD02-EC9D-45B9-A8DA-CA13CAF8E339}.Ghpages|x64.ActiveCfg = Debug|Any CPU
		{93E7AD02-EC9D-45B9-A8DA-CA13CAF8E339}.Ghpages|x64.Build.0 = Debug|Any CPU
		{93E7AD02-EC9D-45B9-A8DA-CA13CAF8E339}.Ghpages|x86.ActiveCfg = Debug|Any CPU
		{93E7AD02-EC9D-45B9-A8DA-CA13CAF8E339}.Ghpages|x86.Build.0 = Debug|Any CPU
		{93E7AD02-EC9D-45B9-A8DA-CA13CAF8E339}.Release|Any CPU.ActiveCfg = Release|Any CPU
		{93E7AD02-EC9D-45B9-A8DA-CA13CAF8E339}.Release|Any CPU.Build.0 = Release|Any CPU
		{93E7AD02-EC9D-45B9-A8DA-CA13CAF8E339}.Release|Itanium.ActiveCfg = Release|Any CPU
		{93E7AD02-EC9D-45B9-A8DA-CA13CAF8E339}.Release|Itanium.Build.0 = Release|Any CPU
		{93E7AD02-EC9D-45B9-A8DA-CA13CAF8E339}.Release|x64.ActiveCfg = Release|Any CPU
		{93E7AD02-EC9D-45B9-A8DA-CA13CAF8E339}.Release|x64.Build.0 = Release|Any CPU
		{93E7AD02-EC9D-45B9-A8DA-CA13CAF8E339}.Release|x86.ActiveCfg = Release|Any CPU
		{93E7AD02-EC9D-45B9-A8DA-CA13CAF8E339}.Release|x86.Build.0 = Release|Any CPU
	EndGlobalSection
	GlobalSection(SolutionProperties) = preSolution
		HideSolutionNode = FALSE
	EndGlobalSection
	GlobalSection(ExtensibilityGlobals) = postSolution
		SolutionGuid = {2AC90A25-D17B-4376-9058-BEE9C9A57650}
	EndGlobalSection
EndGlobal
